// !$*UTF8*$!
{
	archiveVersion = 1;
	classes = {
	};
	objectVersion = 51;
	objects = {

/* Begin PBXBuildFile section */
		5D316B0956BAD2EE8450E77C /* Pods_NasaApp.framework in Frameworks */ = {isa = PBXBuildFile; fileRef = 3C8D79D864161FC6DA2C1159 /* Pods_NasaApp.framework */; };
		CD169CEB2556B56A00692DC3 /* VehicleInfoViewController.swift in Sources */ = {isa = PBXBuildFile; fileRef = CD169CEA2556B56A00692DC3 /* VehicleInfoViewController.swift */; };
		CD6FE5CE255201B00012A129 /* AppDelegate.swift in Sources */ = {isa = PBXBuildFile; fileRef = CD6FE5CD255201B00012A129 /* AppDelegate.swift */; };
		CD6FE5D0255201B00012A129 /* SceneDelegate.swift in Sources */ = {isa = PBXBuildFile; fileRef = CD6FE5CF255201B00012A129 /* SceneDelegate.swift */; };
		CD6FE5D5255201B00012A129 /* Main.storyboard in Resources */ = {isa = PBXBuildFile; fileRef = CD6FE5D3255201B00012A129 /* Main.storyboard */; };
		CD6FE5D7255201B30012A129 /* Assets.xcassets in Resources */ = {isa = PBXBuildFile; fileRef = CD6FE5D6255201B30012A129 /* Assets.xcassets */; };
		CD6FE5DA255201B30012A129 /* LaunchScreen.storyboard in Resources */ = {isa = PBXBuildFile; fileRef = CD6FE5D8255201B30012A129 /* LaunchScreen.storyboard */; };
		CD6FE5E3255202D90012A129 /* ViewController.swift in Sources */ = {isa = PBXBuildFile; fileRef = CD6FE5E2255202D90012A129 /* ViewController.swift */; };
		CD6FE5E82552031F0012A129 /* CuriosityViewController.swift in Sources */ = {isa = PBXBuildFile; fileRef = CD6FE5E72552031F0012A129 /* CuriosityViewController.swift */; };
		CD6FE5EC2552035B0012A129 /* OpportunityCollectionViewController.swift in Sources */ = {isa = PBXBuildFile; fileRef = CD6FE5EB2552035B0012A129 /* OpportunityCollectionViewController.swift */; };
		CD6FE5EF255203730012A129 /* SpiritCollectionViewController.swift in Sources */ = {isa = PBXBuildFile; fileRef = CD6FE5EE255203730012A129 /* SpiritCollectionViewController.swift */; };
		CD7DA4C625555E7200EA1546 /* FiltersTableViewController.swift in Sources */ = {isa = PBXBuildFile; fileRef = CD7DA4C525555E7200EA1546 /* FiltersTableViewController.swift */; };
		CDBF103D2552BEF50072C752 /* PhotoCell.xib in Resources */ = {isa = PBXBuildFile; fileRef = CDBF103B2552BEF50072C752 /* PhotoCell.xib */; };
		CDBF103E2552BEF50072C752 /* PhotoCell.swift in Sources */ = {isa = PBXBuildFile; fileRef = CDBF103C2552BEF50072C752 /* PhotoCell.swift */; };
		CDBF105625542B370072C752 /* VehicleManager.swift in Sources */ = {isa = PBXBuildFile; fileRef = CDBF105525542B370072C752 /* VehicleManager.swift */; };
		CDBF106125543CBE0072C752 /* VehicleData.swift in Sources */ = {isa = PBXBuildFile; fileRef = CDBF106025543CBE0072C752 /* VehicleData.swift */; };
/* End PBXBuildFile section */

/* Begin PBXFileReference section */
		3C8D79D864161FC6DA2C1159 /* Pods_NasaApp.framework */ = {isa = PBXFileReference; explicitFileType = wrapper.framework; includeInIndex = 0; path = Pods_NasaApp.framework; sourceTree = BUILT_PRODUCTS_DIR; };
		8783B6E7F82E581003D2939F /* Pods-NasaApp.release.xcconfig */ = {isa = PBXFileReference; includeInIndex = 1; lastKnownFileType = text.xcconfig; name = "Pods-NasaApp.release.xcconfig"; path = "Target Support Files/Pods-NasaApp/Pods-NasaApp.release.xcconfig"; sourceTree = "<group>"; };
		CD169CEA2556B56A00692DC3 /* VehicleInfoViewController.swift */ = {isa = PBXFileReference; lastKnownFileType = sourcecode.swift; path = VehicleInfoViewController.swift; sourceTree = "<group>"; };
		CD6FE5CA255201B00012A129 /* NasaApp.app */ = {isa = PBXFileReference; explicitFileType = wrapper.application; includeInIndex = 0; path = NasaApp.app; sourceTree = BUILT_PRODUCTS_DIR; };
		CD6FE5CD255201B00012A129 /* AppDelegate.swift */ = {isa = PBXFileReference; lastKnownFileType = sourcecode.swift; path = AppDelegate.swift; sourceTree = "<group>"; };
		CD6FE5CF255201B00012A129 /* SceneDelegate.swift */ = {isa = PBXFileReference; lastKnownFileType = sourcecode.swift; path = SceneDelegate.swift; sourceTree = "<group>"; };
		CD6FE5D4255201B00012A129 /* Base */ = {isa = PBXFileReference; lastKnownFileType = file.storyboard; name = Base; path = Base.lproj/Main.storyboard; sourceTree = "<group>"; };
		CD6FE5D6255201B30012A129 /* Assets.xcassets */ = {isa = PBXFileReference; lastKnownFileType = folder.assetcatalog; path = Assets.xcassets; sourceTree = "<group>"; };
		CD6FE5D9255201B30012A129 /* Base */ = {isa = PBXFileReference; lastKnownFileType = file.storyboard; name = Base; path = Base.lproj/LaunchScreen.storyboard; sourceTree = "<group>"; };
		CD6FE5DB255201B30012A129 /* Info.plist */ = {isa = PBXFileReference; lastKnownFileType = text.plist.xml; path = Info.plist; sourceTree = "<group>"; };
		CD6FE5E2255202D90012A129 /* ViewController.swift */ = {isa = PBXFileReference; lastKnownFileType = sourcecode.swift; path = ViewController.swift; sourceTree = "<group>"; };
		CD6FE5E72552031F0012A129 /* CuriosityViewController.swift */ = {isa = PBXFileReference; lastKnownFileType = sourcecode.swift; path = CuriosityViewController.swift; sourceTree = "<group>"; };
		CD6FE5EB2552035B0012A129 /* OpportunityCollectionViewController.swift */ = {isa = PBXFileReference; lastKnownFileType = sourcecode.swift; path = OpportunityCollectionViewController.swift; sourceTree = "<group>"; };
		CD6FE5EE255203730012A129 /* SpiritCollectionViewController.swift */ = {isa = PBXFileReference; lastKnownFileType = sourcecode.swift; path = SpiritCollectionViewController.swift; sourceTree = "<group>"; };
		CD7DA4C525555E7200EA1546 /* FiltersTableViewController.swift */ = {isa = PBXFileReference; lastKnownFileType = sourcecode.swift; path = FiltersTableViewController.swift; sourceTree = "<group>"; };
		CDBF103B2552BEF50072C752 /* PhotoCell.xib */ = {isa = PBXFileReference; lastKnownFileType = file.xib; path = PhotoCell.xib; sourceTree = "<group>"; };
		CDBF103C2552BEF50072C752 /* PhotoCell.swift */ = {isa = PBXFileReference; lastKnownFileType = sourcecode.swift; path = PhotoCell.swift; sourceTree = "<group>"; };
		CDBF105525542B370072C752 /* VehicleManager.swift */ = {isa = PBXFileReference; lastKnownFileType = sourcecode.swift; path = VehicleManager.swift; sourceTree = "<group>"; };
		CDBF106025543CBE0072C752 /* VehicleData.swift */ = {isa = PBXFileReference; lastKnownFileType = sourcecode.swift; path = VehicleData.swift; sourceTree = "<group>"; };
		F8FEAE5FDC2B8417D345B8C1 /* Pods-NasaApp.debug.xcconfig */ = {isa = PBXFileReference; includeInIndex = 1; lastKnownFileType = text.xcconfig; name = "Pods-NasaApp.debug.xcconfig"; path = "Target Support Files/Pods-NasaApp/Pods-NasaApp.debug.xcconfig"; sourceTree = "<group>"; };
/* End PBXFileReference section */

/* Begin PBXFrameworksBuildPhase section */
		CD6FE5C7255201B00012A129 /* Frameworks */ = {
			isa = PBXFrameworksBuildPhase;
			buildActionMask = 2147483647;
			files = (
				5D316B0956BAD2EE8450E77C /* Pods_NasaApp.framework in Frameworks */,
			);
			runOnlyForDeploymentPostprocessing = 0;
		};
/* End PBXFrameworksBuildPhase section */

/* Begin PBXGroup section */
		24E8628D5EA4198693ACEE04 /* Frameworks */ = {
			isa = PBXGroup;
			children = (
				3C8D79D864161FC6DA2C1159 /* Pods_NasaApp.framework */,
			);
			name = Frameworks;
			sourceTree = "<group>";
		};
		BBD66944B1978BFC8B9D3CFF /* Pods */ = {
			isa = PBXGroup;
			children = (
				F8FEAE5FDC2B8417D345B8C1 /* Pods-NasaApp.debug.xcconfig */,
				8783B6E7F82E581003D2939F /* Pods-NasaApp.release.xcconfig */,
			);
			path = Pods;
			sourceTree = "<group>";
		};
		CD6FE5C1255201B00012A129 = {
			isa = PBXGroup;
			children = (
				CD6FE5CC255201B00012A129 /* NasaApp */,
				CD6FE5CB255201B00012A129 /* Products */,
				BBD66944B1978BFC8B9D3CFF /* Pods */,
				24E8628D5EA4198693ACEE04 /* Frameworks */,
			);
			sourceTree = "<group>";
		};
		CD6FE5CB255201B00012A129 /* Products */ = {
			isa = PBXGroup;
			children = (
				CD6FE5CA255201B00012A129 /* NasaApp.app */,
			);
			name = Products;
			sourceTree = "<group>";
		};
		CD6FE5CC255201B00012A129 /* NasaApp */ = {
			isa = PBXGroup;
			children = (
				CD6FE5CD255201B00012A129 /* AppDelegate.swift */,
				CD6FE5CF255201B00012A129 /* SceneDelegate.swift */,
				CD6FE5E5255202EB0012A129 /* Controllers */,
				CDBF10402552BEFD0072C752 /* Views */,
				CDBF10462552D8090072C752 /* Models */,
				CD6FE5D6255201B30012A129 /* Assets.xcassets */,
				CD6FE5D8255201B30012A129 /* LaunchScreen.storyboard */,
				CD6FE5DB255201B30012A129 /* Info.plist */,
			);
			path = NasaApp;
			sourceTree = "<group>";
		};
		CD6FE5E5255202EB0012A129 /* Controllers */ = {
			isa = PBXGroup;
			children = (
				CD6FE5E2255202D90012A129 /* ViewController.swift */,
				CD6FE5E72552031F0012A129 /* CuriosityViewController.swift */,
				CD6FE5EB2552035B0012A129 /* OpportunityCollectionViewController.swift */,
				CD6FE5EE255203730012A129 /* SpiritCollectionViewController.swift */,
				CDBF103C2552BEF50072C752 /* PhotoCell.swift */,
				CD7DA4C525555E7200EA1546 /* FiltersTableViewController.swift */,
				CD169CEA2556B56A00692DC3 /* VehicleInfoViewController.swift */,
			);
			path = Controllers;
			sourceTree = "<group>";
		};
		CDBF10402552BEFD0072C752 /* Views */ = {
			isa = PBXGroup;
			children = (
				CDBF103B2552BEF50072C752 /* PhotoCell.xib */,
				CD6FE5D3255201B00012A129 /* Main.storyboard */,
			);
			path = Views;
			sourceTree = "<group>";
		};
		CDBF10462552D8090072C752 /* Models */ = {
			isa = PBXGroup;
			children = (
				CDBF105525542B370072C752 /* VehicleManager.swift */,
				CDBF106025543CBE0072C752 /* VehicleData.swift */,
			);
			path = Models;
			sourceTree = "<group>";
		};
/* End PBXGroup section */

/* Begin PBXNativeTarget section */
		CD6FE5C9255201B00012A129 /* NasaApp */ = {
			isa = PBXNativeTarget;
			buildConfigurationList = CD6FE5DE255201B30012A129 /* Build configuration list for PBXNativeTarget "NasaApp" */;
			buildPhases = (
				194913800FA342F11C3B28D9 /* [CP] Check Pods Manifest.lock */,
				CD6FE5C6255201B00012A129 /* Sources */,
				CD6FE5C7255201B00012A129 /* Frameworks */,
				CD6FE5C8255201B00012A129 /* Resources */,
				BCDF658E89EBB129CF9B3F30 /* [CP] Embed Pods Frameworks */,
			);
			buildRules = (
			);
			dependencies = (
			);
			name = NasaApp;
			productName = NasaApp;
			productReference = CD6FE5CA255201B00012A129 /* NasaApp.app */;
			productType = "com.apple.product-type.application";
		};
/* End PBXNativeTarget section */

/* Begin PBXProject section */
		CD6FE5C2255201B00012A129 /* Project object */ = {
			isa = PBXProject;
			attributes = {
				LastSwiftUpdateCheck = 1200;
				LastUpgradeCheck = 1200;
				TargetAttributes = {
					CD6FE5C9255201B00012A129 = {
						CreatedOnToolsVersion = 12.0.1;
					};
				};
			};
			buildConfigurationList = CD6FE5C5255201B00012A129 /* Build configuration list for PBXProject "NasaApp" */;
			compatibilityVersion = "Xcode 9.3";
			developmentRegion = en;
			hasScannedForEncodings = 0;
			knownRegions = (
				en,
				Base,
			);
			mainGroup = CD6FE5C1255201B00012A129;
			productRefGroup = CD6FE5CB255201B00012A129 /* Products */;
			projectDirPath = "";
			projectRoot = "";
			targets = (
				CD6FE5C9255201B00012A129 /* NasaApp */,
			);
		};
/* End PBXProject section */

/* Begin PBXResourcesBuildPhase section */
		CD6FE5C8255201B00012A129 /* Resources */ = {
			isa = PBXResourcesBuildPhase;
			buildActionMask = 2147483647;
			files = (
				CDBF103D2552BEF50072C752 /* PhotoCell.xib in Resources */,
				CD6FE5DA255201B30012A129 /* LaunchScreen.storyboard in Resources */,
				CD6FE5D7255201B30012A129 /* Assets.xcassets in Resources */,
				CD6FE5D5255201B00012A129 /* Main.storyboard in Resources */,
			);
			runOnlyForDeploymentPostprocessing = 0;
		};
/* End PBXResourcesBuildPhase section */

/* Begin PBXShellScriptBuildPhase section */
		194913800FA342F11C3B28D9 /* [CP] Check Pods Manifest.lock */ = {
			isa = PBXShellScriptBuildPhase;
			buildActionMask = 2147483647;
			files = (
			);
			inputFileListPaths = (
			);
			inputPaths = (
				"${PODS_PODFILE_DIR_PATH}/Podfile.lock",
				"${PODS_ROOT}/Manifest.lock",
			);
			name = "[CP] Check Pods Manifest.lock";
			outputFileListPaths = (
			);
			outputPaths = (
				"$(DERIVED_FILE_DIR)/Pods-NasaApp-checkManifestLockResult.txt",
			);
			runOnlyForDeploymentPostprocessing = 0;
			shellPath = /bin/sh;
			shellScript = "diff \"${PODS_PODFILE_DIR_PATH}/Podfile.lock\" \"${PODS_ROOT}/Manifest.lock\" > /dev/null\nif [ $? != 0 ] ; then\n    # print error to STDERR\n    echo \"error: The sandbox is not in sync with the Podfile.lock. Run 'pod install' or update your CocoaPods installation.\" >&2\n    exit 1\nfi\n# This output is used by Xcode 'outputs' to avoid re-running this script phase.\necho \"SUCCESS\" > \"${SCRIPT_OUTPUT_FILE_0}\"\n";
			showEnvVarsInLog = 0;
		};
		BCDF658E89EBB129CF9B3F30 /* [CP] Embed Pods Frameworks */ = {
			isa = PBXShellScriptBuildPhase;
			buildActionMask = 2147483647;
			files = (
			);
			inputFileListPaths = (
				"${PODS_ROOT}/Target Support Files/Pods-NasaApp/Pods-NasaApp-frameworks-${CONFIGURATION}-input-files.xcfilelist",
			);
			name = "[CP] Embed Pods Frameworks";
			outputFileListPaths = (
				"${PODS_ROOT}/Target Support Files/Pods-NasaApp/Pods-NasaApp-frameworks-${CONFIGURATION}-output-files.xcfilelist",
			);
			runOnlyForDeploymentPostprocessing = 0;
			shellPath = /bin/sh;
			shellScript = "\"${PODS_ROOT}/Target Support Files/Pods-NasaApp/Pods-NasaApp-frameworks.sh\"\n";
			showEnvVarsInLog = 0;
		};
/* End PBXShellScriptBuildPhase section */

/* Begin PBXSourcesBuildPhase section */
		CD6FE5C6255201B00012A129 /* Sources */ = {
			isa = PBXSourcesBuildPhase;
			buildActionMask = 2147483647;
			files = (
				CDBF103E2552BEF50072C752 /* PhotoCell.swift in Sources */,
				CDBF105625542B370072C752 /* VehicleManager.swift in Sources */,
				CD6FE5EC2552035B0012A129 /* OpportunityCollectionViewController.swift in Sources */,
				CDBF106125543CBE0072C752 /* VehicleData.swift in Sources */,
				CD169CEB2556B56A00692DC3 /* VehicleInfoViewController.swift in Sources */,
				CD7DA4C625555E7200EA1546 /* FiltersTableViewController.swift in Sources */,
				CD6FE5E3255202D90012A129 /* ViewController.swift in Sources */,
				CD6FE5CE255201B00012A129 /* AppDelegate.swift in Sources */,
				CD6FE5D0255201B00012A129 /* SceneDelegate.swift in Sources */,
				CD6FE5E82552031F0012A129 /* CuriosityViewController.swift in Sources */,
				CD6FE5EF255203730012A129 /* SpiritCollectionViewController.swift in Sources */,
			);
			runOnlyForDeploymentPostprocessing = 0;
		};
/* End PBXSourcesBuildPhase section */

/* Begin PBXVariantGroup section */
		CD6FE5D3255201B00012A129 /* Main.storyboard */ = {
			isa = PBXVariantGroup;
			children = (
				CD6FE5D4255201B00012A129 /* Base */,
			);
			name = Main.storyboard;
			sourceTree = "<group>";
		};
		CD6FE5D8255201B30012A129 /* LaunchScreen.storyboard */ = {
			isa = PBXVariantGroup;
			children = (
				CD6FE5D9255201B30012A129 /* Base */,
			);
			name = LaunchScreen.storyboard;
			sourceTree = "<group>";
		};
/* End PBXVariantGroup section */

/* Begin XCBuildConfiguration section */
		CD6FE5DC255201B30012A129 /* Debug */ = {
			isa = XCBuildConfiguration;
			buildSettings = {
				ALWAYS_SEARCH_USER_PATHS = NO;
				CLANG_ANALYZER_NONNULL = YES;
				CLANG_ANALYZER_NUMBER_OBJECT_CONVERSION = YES_AGGRESSIVE;
				CLANG_CXX_LANGUAGE_STANDARD = "gnu++14";
				CLANG_CXX_LIBRARY = "libc++";
				CLANG_ENABLE_MODULES = YES;
				CLANG_ENABLE_OBJC_ARC = YES;
				CLANG_ENABLE_OBJC_WEAK = YES;
				CLANG_WARN_BLOCK_CAPTURE_AUTORELEASING = YES;
				CLANG_WARN_BOOL_CONVERSION = YES;
				CLANG_WARN_COMMA = YES;
				CLANG_WARN_CONSTANT_CONVERSION = YES;
				CLANG_WARN_DEPRECATED_OBJC_IMPLEMENTATIONS = YES;
				CLANG_WARN_DIRECT_OBJC_ISA_USAGE = YES_ERROR;
				CLANG_WARN_DOCUMENTATION_COMMENTS = YES;
				CLANG_WARN_EMPTY_BODY = YES;
				CLANG_WARN_ENUM_CONVERSION = YES;
				CLANG_WARN_INFINITE_RECURSION = YES;
				CLANG_WARN_INT_CONVERSION = YES;
				CLANG_WARN_NON_LITERAL_NULL_CONVERSION = YES;
				CLANG_WARN_OBJC_IMPLICIT_RETAIN_SELF = YES;
				CLANG_WARN_OBJC_LITERAL_CONVERSION = YES;
				CLANG_WARN_OBJC_ROOT_CLASS = YES_ERROR;
				CLANG_WARN_QUOTED_INCLUDE_IN_FRAMEWORK_HEADER = YES;
				CLANG_WARN_RANGE_LOOP_ANALYSIS = YES;
				CLANG_WARN_STRICT_PROTOTYPES = YES;
				CLANG_WARN_SUSPICIOUS_MOVE = YES;
				CLANG_WARN_UNGUARDED_AVAILABILITY = YES_AGGRESSIVE;
				CLANG_WARN_UNREACHABLE_CODE = YES;
				CLANG_WARN__DUPLICATE_METHOD_MATCH = YES;
				COPY_PHASE_STRIP = NO;
				DEBUG_INFORMATION_FORMAT = dwarf;
				ENABLE_STRICT_OBJC_MSGSEND = YES;
				ENABLE_TESTABILITY = YES;
				GCC_C_LANGUAGE_STANDARD = gnu11;
				GCC_DYNAMIC_NO_PIC = NO;
				GCC_NO_COMMON_BLOCKS = YES;
				GCC_OPTIMIZATION_LEVEL = 0;
				GCC_PREPROCESSOR_DEFINITIONS = (
					"DEBUG=1",
					"$(inherited)",
				);
				GCC_WARN_64_TO_32_BIT_CONVERSION = YES;
				GCC_WARN_ABOUT_RETURN_TYPE = YES_ERROR;
				GCC_WARN_UNDECLARED_SELECTOR = YES;
				GCC_WARN_UNINITIALIZED_AUTOS = YES_AGGRESSIVE;
				GCC_WARN_UNUSED_FUNCTION = YES;
				GCC_WARN_UNUSED_VARIABLE = YES;
				IPHONEOS_DEPLOYMENT_TARGET = 14.0;
				MTL_ENABLE_DEBUG_INFO = INCLUDE_SOURCE;
				MTL_FAST_MATH = YES;
				ONLY_ACTIVE_ARCH = YES;
				SDKROOT = iphoneos;
				SWIFT_ACTIVE_COMPILATION_CONDITIONS = DEBUG;
				SWIFT_OPTIMIZATION_LEVEL = "-Onone";
			};
			name = Debug;
		};
		CD6FE5DD255201B30012A129 /* Release */ = {
			isa = XCBuildConfiguration;
			buildSettings = {
				ALWAYS_SEARCH_USER_PATHS = NO;
				CLANG_ANALYZER_NONNULL = YES;
				CLANG_ANALYZER_NUMBER_OBJECT_CONVERSION = YES_AGGRESSIVE;
				CLANG_CXX_LANGUAGE_STANDARD = "gnu++14";
				CLANG_CXX_LIBRARY = "libc++";
				CLANG_ENABLE_MODULES = YES;
				CLANG_ENABLE_OBJC_ARC = YES;
				CLANG_ENABLE_OBJC_WEAK = YES;
				CLANG_WARN_BLOCK_CAPTURE_AUTORELEASING = YES;
				CLANG_WARN_BOOL_CONVERSION = YES;
				CLANG_WARN_COMMA = YES;
				CLANG_WARN_CONSTANT_CONVERSION = YES;
				CLANG_WARN_DEPRECATED_OBJC_IMPLEMENTATIONS = YES;
				CLANG_WARN_DIRECT_OBJC_ISA_USAGE = YES_ERROR;
				CLANG_WARN_DOCUMENTATION_COMMENTS = YES;
				CLANG_WARN_EMPTY_BODY = YES;
				CLANG_WARN_ENUM_CONVERSION = YES;
				CLANG_WARN_INFINITE_RECURSION = YES;
				CLANG_WARN_INT_CONVERSION = YES;
				CLANG_WARN_NON_LITERAL_NULL_CONVERSION = YES;
				CLANG_WARN_OBJC_IMPLICIT_RETAIN_SELF = YES;
				CLANG_WARN_OBJC_LITERAL_CONVERSION = YES;
				CLANG_WARN_OBJC_ROOT_CLASS = YES_ERROR;
				CLANG_WARN_QUOTED_INCLUDE_IN_FRAMEWORK_HEADER = YES;
				CLANG_WARN_RANGE_LOOP_ANALYSIS = YES;
				CLANG_WARN_STRICT_PROTOTYPES = YES;
				CLANG_WARN_SUSPICIOUS_MOVE = YES;
				CLANG_WARN_UNGUARDED_AVAILABILITY = YES_AGGRESSIVE;
				CLANG_WARN_UNREACHABLE_CODE = YES;
				CLANG_WARN__DUPLICATE_METHOD_MATCH = YES;
				COPY_PHASE_STRIP = NO;
				DEBUG_INFORMATION_FORMAT = "dwarf-with-dsym";
				ENABLE_NS_ASSERTIONS = NO;
				ENABLE_STRICT_OBJC_MSGSEND = YES;
				GCC_C_LANGUAGE_STANDARD = gnu11;
				GCC_NO_COMMON_BLOCKS = YES;
				GCC_WARN_64_TO_32_BIT_CONVERSION = YES;
				GCC_WARN_ABOUT_RETURN_TYPE = YES_ERROR;
				GCC_WARN_UNDECLARED_SELECTOR = YES;
				GCC_WARN_UNINITIALIZED_AUTOS = YES_AGGRESSIVE;
				GCC_WARN_UNUSED_FUNCTION = YES;
				GCC_WARN_UNUSED_VARIABLE = YES;
				IPHONEOS_DEPLOYMENT_TARGET = 14.0;
				MTL_ENABLE_DEBUG_INFO = NO;
				MTL_FAST_MATH = YES;
				SDKROOT = iphoneos;
				SWIFT_COMPILATION_MODE = wholemodule;
				SWIFT_OPTIMIZATION_LEVEL = "-O";
				VALIDATE_PRODUCT = YES;
			};
			name = Release;
		};
		CD6FE5DF255201B30012A129 /* Debug */ = {
			isa = XCBuildConfiguration;
			baseConfigurationReference = F8FEAE5FDC2B8417D345B8C1 /* Pods-NasaApp.debug.xcconfig */;
			buildSettings = {
				ASSETCATALOG_COMPILER_APPICON_NAME = AppIcon;
				ASSETCATALOG_COMPILER_GLOBAL_ACCENT_COLOR_NAME = AccentColor;
				CODE_SIGN_STYLE = Automatic;
				DEVELOPMENT_TEAM = CR2U55444G;
				INFOPLIST_FILE = NasaApp/Info.plist;
				LD_RUNPATH_SEARCH_PATHS = (
					"$(inherited)",
					"@executable_path/Frameworks",
				);
				PRODUCT_BUNDLE_IDENTIFIER = nazik.NasaApp;
				PRODUCT_NAME = "$(TARGET_NAME)";
				SWIFT_VERSION = 5.0;
				TARGETED_DEVICE_FAMILY = "1,2";
			};
			name = Debug;
		};
		CD6FE5E0255201B30012A129 /* Release */ = {
			isa = XCBuildConfiguration;
			baseConfigurationReference = 8783B6E7F82E581003D2939F /* Pods-NasaApp.release.xcconfig */;
			buildSettings = {
				ASSETCATALOG_COMPILER_APPICON_NAME = AppIcon;
				ASSETCATALOG_COMPILER_GLOBAL_ACCENT_COLOR_NAME = AccentColor;
				CODE_SIGN_STYLE = Automatic;
				DEVELOPMENT_TEAM = CR2U55444G;
				INFOPLIST_FILE = NasaApp/Info.plist;
				LD_RUNPATH_SEARCH_PATHS = (
					"$(inherited)",
					"@executable_path/Frameworks",
				);
				PRODUCT_BUNDLE_IDENTIFIER = nazik.NasaApp;
				PRODUCT_NAME = "$(TARGET_NAME)";
				SWIFT_VERSION = 5.0;
				TARGETED_DEVICE_FAMILY = "1,2";
			};
			name = Release;
		};
/* End XCBuildConfiguration section */

/* Begin XCConfigurationList section */
		CD6FE5C5255201B00012A129 /* Build configuration list for PBXProject "NasaApp" */ = {
			isa = XCConfigurationList;
			buildConfigurations = (
				CD6FE5DC255201B30012A129 /* Debug */,
				CD6FE5DD255201B30012A129 /* Release */,
			);
			defaultConfigurationIsVisible = 0;
			defaultConfigurationName = Release;
		};
		CD6FE5DE255201B30012A129 /* Build configuration list for PBXNativeTarget "NasaApp" */ = {
			isa = XCConfigurationList;
			buildConfigurations = (
				CD6FE5DF255201B30012A129 /* Debug */,
				CD6FE5E0255201B30012A129 /* Release */,
			);
			defaultConfigurationIsVisible = 0;
			defaultConfigurationName = Release;
		};
/* End XCConfigurationList section */
	};
	rootObject = CD6FE5C2255201B00012A129 /* Project object */;
}
